{
	"name": "sample-app",
	"version": "1.0.0",
	"lockfileVersion": 3,
	"requires": true,
	"packages": {
		"": {
			"name": "sample-app",
			"version": "1.0.0",
			"license": "ISC",
			"dependencies": {
				"public-blog-package": "^1.0.0"
			}
		},
		"node_modules/public-blog-package": {
			"version": "1.0.1",
			"resolved": "https://registry.npmjs.org/public-blog-package/-/public-blog-package-1.0.1.tgz",
			"integrity": "sha512-1DkSslyg0PnR3WVk22vx6zQIh2/KgcLTprwOQRAhzCXcfMVILyiK8bPk/Znz0SPM0J/uNa6Bv+Ys1neFAqTfpg==",
			"engines": {
				"node": ">=16"
			}
		}
	}
}
